
Microsoft Visual Studio Solution File, Format Version 12.00
# Visual Studio 14
VisualStudioVersion = 14.0.23107.0
MinimumVisualStudioVersion = 10.0.40219.1
Project("{FAE04EC0-301F-11D3-BF4B-00C04F79EFBC}") = "UrfIdentity.Web", "UrfIdentity.Web\UrfIdentity.Web.csproj", "{1280CACF-1E9F-457B-A87C-78591BD04A41}"
EndProject
Project("{2150E333-8FDC-42A3-9474-1A3956D46DE8}") = "URF", "URF", "{FC5C3040-2E01-4F24-A644-3C14D07AF2FF}"
EndProject
Project("{FAE04EC0-301F-11D3-BF4B-00C04F79EFBC}") = "Repository.Extensions", "URF\Repository.Extensions\Repository.Extensions.csproj", "{38A80DDF-4BB2-4634-8456-8EB40034348F}"
EndProject
Project("{FAE04EC0-301F-11D3-BF4B-00C04F79EFBC}") = "Repository.Pattern", "URF\Repository.Pattern\Repository.Pattern.csproj", "{5BFB961E-AF54-4DA1-B5A8-232FD630030C}"
EndProject
Project("{FAE04EC0-301F-11D3-BF4B-00C04F79EFBC}") = "Service.Pattern", "Urf\Service.Pattern\Service.Pattern.csproj", "{19F3E381-B940-4BC6-9A16-5247FC877BB5}"
EndProject
Project("{2150E333-8FDC-42A3-9474-1A3956D46DE8}") = "Libraries", "Libraries", "{A84B344C-4408-4DC5-8C01-C04BAA2BA563}"
EndProject
Project("{FAE04EC0-301F-11D3-BF4B-00C04F79EFBC}") = "Abl.Data", "Libraries\Abl.Data\Abl.Data.csproj", "{494EEDF9-5B81-493B-A6E9-2A2B0791F429}"
EndProject
Project("{FAE04EC0-301F-11D3-BF4B-00C04F79EFBC}") = "Repository.Pattern.Ef6", "URF\Repository.Pattern.Ef6\Repository.Pattern.Ef6.csproj", "{3D139B46-303D-42EB-8929-747832BA5DF1}"
EndProject
Project("{2150E333-8FDC-42A3-9474-1A3956D46DE8}") = "Identity", "Identity", "{2641C8A6-E2CD-46ED-9617-B6BC6B74B817}"
EndProject
Project("{FAE04EC0-301F-11D3-BF4B-00C04F79EFBC}") = "Identity", "Identity\Identity\Identity.csproj", "{4AC01747-D771-45C8-8ABA-1758BE80AD6C}"
EndProject
Project("{FAE04EC0-301F-11D3-BF4B-00C04F79EFBC}") = "Identity.Resources", "Identity\Identity.Resources\Identity.Resources.csproj", "{2B66B244-FE66-4ECC-B70A-F5E62F21B744}"
EndProject
Project("{FAE04EC0-301F-11D3-BF4B-00C04F79EFBC}") = "Identity.UI", "Identity\Identity.UI\Identity.UI.csproj", "{1E154448-9CA5-45AE-AD8E-CC7D660CBE85}"
EndProject
Project("{2150E333-8FDC-42A3-9474-1A3956D46DE8}") = "DAL", "DAL", "{D365C791-9FB6-49E5-BBA2-67CC72702673}"
EndProject
Project("{FAE04EC0-301F-11D3-BF4B-00C04F79EFBC}") = "Resources", "Libraries\Resources\Resources.csproj", "{1EE35FE4-D146-442E-9BD7-5F79C8E51937}"
EndProject
Project("{FAE04EC0-301F-11D3-BF4B-00C04F79EFBC}") = "Abl", "Libraries\Abl\Abl.csproj", "{1CFB442A-EAF4-4C24-AF94-2DC2F3143080}"
EndProject
Project("{FAE04EC0-301F-11D3-BF4B-00C04F79EFBC}") = "UrfIdentity.DAL.Db", "DAL\UrfIdentity.DAL.Db\UrfIdentity.DAL.Db.csproj", "{5C81578A-87CC-4653-897C-6D42CE8D819B}"
EndProject
Project("{FAE04EC0-301F-11D3-BF4B-00C04F79EFBC}") = "UrfIdentity.DAL.Repository", "DAL\UrfIdentity.DAL.Repository\UrfIdentity.DAL.Repository.csproj", "{90EC7BAA-F926-477D-95C3-C9E938EBBDBB}"
EndProject
Project("{FAE04EC0-301F-11D3-BF4B-00C04F79EFBC}") = "UrfIdentity.DAL.Service", "DAL\UrfIdentity.DAL.Service\UrfIdentity.DAL.Service.csproj", "{5C2AF5B1-FD1D-4C04-B218-D062873CC1D1}"
EndProject
Project("{FAE04EC0-301F-11D3-BF4B-00C04F79EFBC}") = "UrfIdentity.Models", "UrfIdentity.Models\UrfIdentity.Models.csproj", "{1C344BD2-00B8-4121-87FB-98D4D7933853}"
EndProject
Project("{FAE04EC0-301F-11D3-BF4B-00C04F79EFBC}") = "Abl.Mvc", "Libraries\Abl.Mvc\Abl.Mvc.csproj", "{C221D2FB-E73E-4BF7-A643-2BA9CC9826EE}"
EndProject
Global
	GlobalSection(SolutionConfigurationPlatforms) = preSolution
		Debug|Any CPU = Debug|Any CPU
		Release|Any CPU = Release|Any CPU
	EndGlobalSection
	GlobalSection(ProjectConfigurationPlatforms) = postSolution
		{1280CACF-1E9F-457B-A87C-78591BD04A41}.Debug|Any CPU.ActiveCfg = Debug|Any CPU
		{1280CACF-1E9F-457B-A87C-78591BD04A41}.Debug|Any CPU.Build.0 = Debug|Any CPU
		{1280CACF-1E9F-457B-A87C-78591BD04A41}.Release|Any CPU.ActiveCfg = Release|Any CPU
		{1280CACF-1E9F-457B-A87C-78591BD04A41}.Release|Any CPU.Build.0 = Release|Any CPU
		{38A80DDF-4BB2-4634-8456-8EB40034348F}.Debug|Any CPU.ActiveCfg = Debug|Any CPU
		{38A80DDF-4BB2-4634-8456-8EB40034348F}.Debug|Any CPU.Build.0 = Debug|Any CPU
		{38A80DDF-4BB2-4634-8456-8EB40034348F}.Release|Any CPU.ActiveCfg = Release|Any CPU
		{38A80DDF-4BB2-4634-8456-8EB40034348F}.Release|Any CPU.Build.0 = Release|Any CPU
		{5BFB961E-AF54-4DA1-B5A8-232FD630030C}.Debug|Any CPU.ActiveCfg = Debug|Any CPU
		{5BFB961E-AF54-4DA1-B5A8-232FD630030C}.Debug|Any CPU.Build.0 = Debug|Any CPU
		{5BFB961E-AF54-4DA1-B5A8-232FD630030C}.Release|Any CPU.ActiveCfg = Release|Any CPU
		{5BFB961E-AF54-4DA1-B5A8-232FD630030C}.Release|Any CPU.Build.0 = Release|Any CPU
		{19F3E381-B940-4BC6-9A16-5247FC877BB5}.Debug|Any CPU.ActiveCfg = Debug|Any CPU
		{19F3E381-B940-4BC6-9A16-5247FC877BB5}.Debug|Any CPU.Build.0 = Debug|Any CPU
		{19F3E381-B940-4BC6-9A16-5247FC877BB5}.Release|Any CPU.ActiveCfg = Release|Any CPU
		{19F3E381-B940-4BC6-9A16-5247FC877BB5}.Release|Any CPU.Build.0 = Release|Any CPU
		{494EEDF9-5B81-493B-A6E9-2A2B0791F429}.Debug|Any CPU.ActiveCfg = Debug|Any CPU
		{494EEDF9-5B81-493B-A6E9-2A2B0791F429}.Debug|Any CPU.Build.0 = Debug|Any CPU
		{494EEDF9-5B81-493B-A6E9-2A2B0791F429}.Release|Any CPU.ActiveCfg = Release|Any CPU
		{494EEDF9-5B81-493B-A6E9-2A2B0791F429}.Release|Any CPU.Build.0 = Release|Any CPU
		{3D139B46-303D-42EB-8929-747832BA5DF1}.Debug|Any CPU.ActiveCfg = Debug|Any CPU
		{3D139B46-303D-42EB-8929-747832BA5DF1}.Debug|Any CPU.Build.0 = Debug|Any CPU
		{3D139B46-303D-42EB-8929-747832BA5DF1}.Release|Any CPU.ActiveCfg = Release|Any CPU
		{3D139B46-303D-42EB-8929-747832BA5DF1}.Release|Any CPU.Build.0 = Release|Any CPU
		{4AC01747-D771-45C8-8ABA-1758BE80AD6C}.Debug|Any CPU.ActiveCfg = Debug|Any CPU
		{4AC01747-D771-45C8-8ABA-1758BE80AD6C}.Debug|Any CPU.Build.0 = Debug|Any CPU
		{4AC01747-D771-45C8-8ABA-1758BE80AD6C}.Release|Any CPU.ActiveCfg = Release|Any CPU
		{4AC01747-D771-45C8-8ABA-1758BE80AD6C}.Release|Any CPU.Build.0 = Release|Any CPU
		{2B66B244-FE66-4ECC-B70A-F5E62F21B744}.Debug|Any CPU.ActiveCfg = Debug|Any CPU
		{2B66B244-FE66-4ECC-B70A-F5E62F21B744}.Debug|Any CPU.Build.0 = Debug|Any CPU
		{2B66B244-FE66-4ECC-B70A-F5E62F21B744}.Release|Any CPU.ActiveCfg = Release|Any CPU
		{2B66B244-FE66-4ECC-B70A-F5E62F21B744}.Release|Any CPU.Build.0 = Release|Any CPU
		{1E154448-9CA5-45AE-AD8E-CC7D660CBE85}.Debug|Any CPU.ActiveCfg = Debug|Any CPU
		{1E154448-9CA5-45AE-AD8E-CC7D660CBE85}.Debug|Any CPU.Build.0 = Debug|Any CPU
		{1E154448-9CA5-45AE-AD8E-CC7D660CBE85}.Release|Any CPU.ActiveCfg = Release|Any CPU
		{1E154448-9CA5-45AE-AD8E-CC7D660CBE85}.Release|Any CPU.Build.0 = Release|Any CPU
		{1EE35FE4-D146-442E-9BD7-5F79C8E51937}.Debug|Any CPU.ActiveCfg = Debug|Any CPU
		{1EE35FE4-D146-442E-9BD7-5F79C8E51937}.Debug|Any CPU.Build.0 = Debug|Any CPU
		{1EE35FE4-D146-442E-9BD7-5F79C8E51937}.Release|Any CPU.ActiveCfg = Release|Any CPU
		{1EE35FE4-D146-442E-9BD7-5F79C8E51937}.Release|Any CPU.Build.0 = Release|Any CPU
		{1CFB442A-EAF4-4C24-AF94-2DC2F3143080}.Debug|Any CPU.ActiveCfg = Debug|Any CPU
		{1CFB442A-EAF4-4C24-AF94-2DC2F3143080}.Debug|Any CPU.Build.0 = Debug|Any CPU
		{1CFB442A-EAF4-4C24-AF94-2DC2F3143080}.Release|Any CPU.ActiveCfg = Release|Any CPU
		{1CFB442A-EAF4-4C24-AF94-2DC2F3143080}.Release|Any CPU.Build.0 = Release|Any CPU
		{5C81578A-87CC-4653-897C-6D42CE8D819B}.Debug|Any CPU.ActiveCfg = Debug|Any CPU
		{5C81578A-87CC-4653-897C-6D42CE8D819B}.Debug|Any CPU.Build.0 = Debug|Any CPU
		{5C81578A-87CC-4653-897C-6D42CE8D819B}.Release|Any CPU.ActiveCfg = Release|Any CPU
		{5C81578A-87CC-4653-897C-6D42CE8D819B}.Release|Any CPU.Build.0 = Release|Any CPU
		{90EC7BAA-F926-477D-95C3-C9E938EBBDBB}.Debug|Any CPU.ActiveCfg = Debug|Any CPU
		{90EC7BAA-F926-477D-95C3-C9E938EBBDBB}.Debug|Any CPU.Build.0 = Debug|Any CPU
		{90EC7BAA-F926-477D-95C3-C9E938EBBDBB}.Release|Any CPU.ActiveCfg = Release|Any CPU
		{90EC7BAA-F926-477D-95C3-C9E938EBBDBB}.Release|Any CPU.Build.0 = Release|Any CPU
		{5C2AF5B1-FD1D-4C04-B218-D062873CC1D1}.Debug|Any CPU.ActiveCfg = Debug|Any CPU
		{5C2AF5B1-FD1D-4C04-B218-D062873CC1D1}.Debug|Any CPU.Build.0 = Debug|Any CPU
		{5C2AF5B1-FD1D-4C04-B218-D062873CC1D1}.Release|Any CPU.ActiveCfg = Release|Any CPU
		{5C2AF5B1-FD1D-4C04-B218-D062873CC1D1}.Release|Any CPU.Build.0 = Release|Any CPU
		{1C344BD2-00B8-4121-87FB-98D4D7933853}.Debug|Any CPU.ActiveCfg = Debug|Any CPU
		{1C344BD2-00B8-4121-87FB-98D4D7933853}.Debug|Any CPU.Build.0 = Debug|Any CPU
		{1C344BD2-00B8-4121-87FB-98D4D7933853}.Release|Any CPU.ActiveCfg = Release|Any CPU
		{1C344BD2-00B8-4121-87FB-98D4D7933853}.Release|Any CPU.Build.0 = Release|Any CPU
		{C221D2FB-E73E-4BF7-A643-2BA9CC9826EE}.Debug|Any CPU.ActiveCfg = Debug|Any CPU
		{C221D2FB-E73E-4BF7-A643-2BA9CC9826EE}.Debug|Any CPU.Build.0 = Debug|Any CPU
		{C221D2FB-E73E-4BF7-A643-2BA9CC9826EE}.Release|Any CPU.ActiveCfg = Release|Any CPU
		{C221D2FB-E73E-4BF7-A643-2BA9CC9826EE}.Release|Any CPU.Build.0 = Release|Any CPU
	EndGlobalSection
	GlobalSection(SolutionProperties) = preSolution
		HideSolutionNode = FALSE
	EndGlobalSection
	GlobalSection(NestedProjects) = preSolution
		{38A80DDF-4BB2-4634-8456-8EB40034348F} = {FC5C3040-2E01-4F24-A644-3C14D07AF2FF}
		{5BFB961E-AF54-4DA1-B5A8-232FD630030C} = {FC5C3040-2E01-4F24-A644-3C14D07AF2FF}
		{19F3E381-B940-4BC6-9A16-5247FC877BB5} = {FC5C3040-2E01-4F24-A644-3C14D07AF2FF}
		{494EEDF9-5B81-493B-A6E9-2A2B0791F429} = {A84B344C-4408-4DC5-8C01-C04BAA2BA563}
		{3D139B46-303D-42EB-8929-747832BA5DF1} = {FC5C3040-2E01-4F24-A644-3C14D07AF2FF}
		{4AC01747-D771-45C8-8ABA-1758BE80AD6C} = {2641C8A6-E2CD-46ED-9617-B6BC6B74B817}
		{2B66B244-FE66-4ECC-B70A-F5E62F21B744} = {2641C8A6-E2CD-46ED-9617-B6BC6B74B817}
		{1E154448-9CA5-45AE-AD8E-CC7D660CBE85} = {2641C8A6-E2CD-46ED-9617-B6BC6B74B817}
		{1EE35FE4-D146-442E-9BD7-5F79C8E51937} = {A84B344C-4408-4DC5-8C01-C04BAA2BA563}
		{1CFB442A-EAF4-4C24-AF94-2DC2F3143080} = {A84B344C-4408-4DC5-8C01-C04BAA2BA563}
		{5C81578A-87CC-4653-897C-6D42CE8D819B} = {D365C791-9FB6-49E5-BBA2-67CC72702673}
		{90EC7BAA-F926-477D-95C3-C9E938EBBDBB} = {D365C791-9FB6-49E5-BBA2-67CC72702673}
		{5C2AF5B1-FD1D-4C04-B218-D062873CC1D1} = {D365C791-9FB6-49E5-BBA2-67CC72702673}
		{C221D2FB-E73E-4BF7-A643-2BA9CC9826EE} = {A84B344C-4408-4DC5-8C01-C04BAA2BA563}
	EndGlobalSection
EndGlobal
